
Microsoft Visual Studio Solution File, Format Version 12.00
# Visual Studio Version 17
VisualStudioVersion = 17.0.31919.166
MinimumVisualStudioVersion = 10.0.40219.1
Project("{2150E333-8FDC-42A3-9474-1A3956D46DE8}") = "src", "src", "{81A33A63-43B5-4632-BB9D-7B90BDF445AF}"
EndProject
Project("{9A19103F-16F7-4668-BE54-9A1E7A4F7556}") = "Dynastic.Architecture", "src\Dynastic.Architecture\Dynastic.Architecture.csproj", "{D0C5BDF3-52D8-4FBA-A170-AC0C027DEB3B}"
EndProject
Project("{9A19103F-16F7-4668-BE54-9A1E7A4F7556}") = "Dynastic.Application", "src\Dynastic.Application\Dynastic.Application.csproj", "{46AAB55B-2567-42DF-A608-26C7AB4A84FE}"
EndProject
Project("{9A19103F-16F7-4668-BE54-9A1E7A4F7556}") = "Dynastic.API", "src\Dynastic.API\Dynastic.API.csproj", "{F3235D58-173F-4DB2-839B-8625815E1574}"
EndProject
Project("{9A19103F-16F7-4668-BE54-9A1E7A4F7556}") = "Dynastic.Application.Tests", "test\Dynastic.Application.Tests\Dynastic.Application.Tests.csproj", "{57EDEBA0-9DF4-4A07-B291-D856AEF01ABF}"
EndProject
Project("{2150E333-8FDC-42A3-9474-1A3956D46DE8}") = "tests", "tests", "{7B214CF7-6248-41F0-B7E9-D7EFC416F0E6}"
EndProject
Project("{9A19103F-16F7-4668-BE54-9A1E7A4F7556}") = "Dynastic.Domain", "src\Dynastic.Domain\Dynastic.Domain.csproj", "{8D9871EE-EE67-48AC-8CD3-A942101828A3}"
EndProject
Global
	GlobalSection(SolutionConfigurationPlatforms) = preSolution
		Debug|Any CPU = Debug|Any CPU
		Debug|x64 = Debug|x64
		Debug|x86 = Debug|x86
		Release|Any CPU = Release|Any CPU
		Release|x64 = Release|x64
		Release|x86 = Release|x86
	EndGlobalSection
	GlobalSection(ProjectConfigurationPlatforms) = postSolution
		{D0C5BDF3-52D8-4FBA-A170-AC0C027DEB3B}.Debug|Any CPU.ActiveCfg = Debug|Any CPU
		{D0C5BDF3-52D8-4FBA-A170-AC0C027DEB3B}.Debug|Any CPU.Build.0 = Debug|Any CPU
		{D0C5BDF3-52D8-4FBA-A170-AC0C027DEB3B}.Debug|x64.ActiveCfg = Debug|Any CPU
		{D0C5BDF3-52D8-4FBA-A170-AC0C027DEB3B}.Debug|x64.Build.0 = Debug|Any CPU
		{D0C5BDF3-52D8-4FBA-A170-AC0C027DEB3B}.Debug|x86.ActiveCfg = Debug|Any CPU
		{D0C5BDF3-52D8-4FBA-A170-AC0C027DEB3B}.Debug|x86.Build.0 = Debug|Any CPU
		{D0C5BDF3-52D8-4FBA-A170-AC0C027DEB3B}.Release|Any CPU.ActiveCfg = Release|Any CPU
		{D0C5BDF3-52D8-4FBA-A170-AC0C027DEB3B}.Release|Any CPU.Build.0 = Release|Any CPU
		{D0C5BDF3-52D8-4FBA-A170-AC0C027DEB3B}.Release|x64.ActiveCfg = Release|Any CPU
		{D0C5BDF3-52D8-4FBA-A170-AC0C027DEB3B}.Release|x64.Build.0 = Release|Any CPU
		{D0C5BDF3-52D8-4FBA-A170-AC0C027DEB3B}.Release|x86.ActiveCfg = Release|Any CPU
		{D0C5BDF3-52D8-4FBA-A170-AC0C027DEB3B}.Release|x86.Build.0 = Release|Any CPU
		{46AAB55B-2567-42DF-A608-26C7AB4A84FE}.Debug|Any CPU.ActiveCfg = Debug|Any CPU
		{46AAB55B-2567-42DF-A608-26C7AB4A84FE}.Debug|Any CPU.Build.0 = Debug|Any CPU
		{46AAB55B-2567-42DF-A608-26C7AB4A84FE}.Debug|x64.ActiveCfg = Debug|Any CPU
		{46AAB55B-2567-42DF-A608-26C7AB4A84FE}.Debug|x64.Build.0 = Debug|Any CPU
		{46AAB55B-2567-42DF-A608-26C7AB4A84FE}.Debug|x86.ActiveCfg = Debug|Any CPU
		{46AAB55B-2567-42DF-A608-26C7AB4A84FE}.Debug|x86.Build.0 = Debug|Any CPU
		{46AAB55B-2567-42DF-A608-26C7AB4A84FE}.Release|Any CPU.ActiveCfg = Release|Any CPU
		{46AAB55B-2567-42DF-A608-26C7AB4A84FE}.Release|Any CPU.Build.0 = Release|Any CPU
		{46AAB55B-2567-42DF-A608-26C7AB4A84FE}.Release|x64.ActiveCfg = Release|Any CPU
		{46AAB55B-2567-42DF-A608-26C7AB4A84FE}.Release|x64.Build.0 = Release|Any CPU
		{46AAB55B-2567-42DF-A608-26C7AB4A84FE}.Release|x86.ActiveCfg = Release|Any CPU
		{46AAB55B-2567-42DF-A608-26C7AB4A84FE}.Release|x86.Build.0 = Release|Any CPU
		{F3235D58-173F-4DB2-839B-8625815E1574}.Debug|Any CPU.ActiveCfg = Debug|Any CPU
		{F3235D58-173F-4DB2-839B-8625815E1574}.Debug|Any CPU.Build.0 = Debug|Any CPU
		{F3235D58-173F-4DB2-839B-8625815E1574}.Debug|x64.ActiveCfg = Debug|Any CPU
		{F3235D58-173F-4DB2-839B-8625815E1574}.Debug|x64.Build.0 = Debug|Any CPU
		{F3235D58-173F-4DB2-839B-8625815E1574}.Debug|x86.ActiveCfg = Debug|Any CPU
		{F3235D58-173F-4DB2-839B-8625815E1574}.Debug|x86.Build.0 = Debug|Any CPU
		{F3235D58-173F-4DB2-839B-8625815E1574}.Release|Any CPU.ActiveCfg = Release|Any CPU
		{F3235D58-173F-4DB2-839B-8625815E1574}.Release|Any CPU.Build.0 = Release|Any CPU
		{F3235D58-173F-4DB2-839B-8625815E1574}.Release|x64.ActiveCfg = Release|Any CPU
		{F3235D58-173F-4DB2-839B-8625815E1574}.Release|x64.Build.0 = Release|Any CPU
		{F3235D58-173F-4DB2-839B-8625815E1574}.Release|x86.ActiveCfg = Release|Any CPU
		{F3235D58-173F-4DB2-839B-8625815E1574}.Release|x86.Build.0 = Release|Any CPU
		{57EDEBA0-9DF4-4A07-B291-D856AEF01ABF}.Debug|Any CPU.ActiveCfg = Debug|Any CPU
		{57EDEBA0-9DF4-4A07-B291-D856AEF01ABF}.Debug|Any CPU.Build.0 = Debug|Any CPU
		{57EDEBA0-9DF4-4A07-B291-D856AEF01ABF}.Debug|x64.ActiveCfg = Debug|Any CPU
		{57EDEBA0-9DF4-4A07-B291-D856AEF01ABF}.Debug|x64.Build.0 = Debug|Any CPU
		{57EDEBA0-9DF4-4A07-B291-D856AEF01ABF}.Debug|x86.ActiveCfg = Debug|Any CPU
		{57EDEBA0-9DF4-4A07-B291-D856AEF01ABF}.Debug|x86.Build.0 = Debug|Any CPU
		{57EDEBA0-9DF4-4A07-B291-D856AEF01ABF}.Release|Any CPU.ActiveCfg = Release|Any CPU
		{57EDEBA0-9DF4-4A07-B291-D856AEF01ABF}.Release|Any CPU.Build.0 = Release|Any CPU
		{57EDEBA0-9DF4-4A07-B291-D856AEF01ABF}.Release|x64.ActiveCfg = Release|Any CPU
		{57EDEBA0-9DF4-4A07-B291-D856AEF01ABF}.Release|x64.Build.0 = Release|Any CPU
		{57EDEBA0-9DF4-4A07-B291-D856AEF01ABF}.Release|x86.ActiveCfg = Release|Any CPU
		{57EDEBA0-9DF4-4A07-B291-D856AEF01ABF}.Release|x86.Build.0 = Release|Any CPU
		{8D9871EE-EE67-48AC-8CD3-A942101828A3}.Debug|Any CPU.ActiveCfg = Debug|Any CPU
		{8D9871EE-EE67-48AC-8CD3-A942101828A3}.Debug|Any CPU.Build.0 = Debug|Any CPU
		{8D9871EE-EE67-48AC-8CD3-A942101828A3}.Debug|x64.ActiveCfg = Debug|Any CPU
		{8D9871EE-EE67-48AC-8CD3-A942101828A3}.Debug|x64.Build.0 = Debug|Any CPU
		{8D9871EE-EE67-48AC-8CD3-A942101828A3}.Debug|x86.ActiveCfg = Debug|Any CPU
		{8D9871EE-EE67-48AC-8CD3-A942101828A3}.Debug|x86.Build.0 = Debug|Any CPU
		{8D9871EE-EE67-48AC-8CD3-A942101828A3}.Release|Any CPU.ActiveCfg = Release|Any CPU
		{8D9871EE-EE67-48AC-8CD3-A942101828A3}.Release|Any CPU.Build.0 = Release|Any CPU
		{8D9871EE-EE67-48AC-8CD3-A942101828A3}.Release|x64.ActiveCfg = Release|Any CPU
		{8D9871EE-EE67-48AC-8CD3-A942101828A3}.Release|x64.Build.0 = Release|Any CPU
		{8D9871EE-EE67-48AC-8CD3-A942101828A3}.Release|x86.ActiveCfg = Release|Any CPU
		{8D9871EE-EE67-48AC-8CD3-A942101828A3}.Release|x86.Build.0 = Release|Any CPU
	EndGlobalSection
	GlobalSection(SolutionProperties) = preSolution
		HideSolutionNode = FALSE
	EndGlobalSection
	GlobalSection(NestedProjects) = preSolution
		{D0C5BDF3-52D8-4FBA-A170-AC0C027DEB3B} = {81A33A63-43B5-4632-BB9D-7B90BDF445AF}
		{46AAB55B-2567-42DF-A608-26C7AB4A84FE} = {81A33A63-43B5-4632-BB9D-7B90BDF445AF}
		{F3235D58-173F-4DB2-839B-8625815E1574} = {81A33A63-43B5-4632-BB9D-7B90BDF445AF}
		{57EDEBA0-9DF4-4A07-B291-D856AEF01ABF} = {7B214CF7-6248-41F0-B7E9-D7EFC416F0E6}
		{8D9871EE-EE67-48AC-8CD3-A942101828A3} = {81A33A63-43B5-4632-BB9D-7B90BDF445AF}
	EndGlobalSection
	GlobalSection(ExtensibilityGlobals) = postSolution
		SolutionGuid = {2BAC5005-B2F6-47DD-AF62-D6384EF89944}
	EndGlobalSection
EndGlobal
